
Microsoft Visual Studio Solution File, Format Version 12.00
Project("{FAE04EC0-301F-11D3-BF4B-00C04F79EFBC}") = "MavLink.Serialize", "MavLink.Serialize\MavLink.Serialize.csproj", "{16B08E2D-8398-4EF2-BC2F-2D064EF38F93}"
EndProject
Project("{FAE04EC0-301F-11D3-BF4B-00C04F79EFBC}") = "MavLink.Serialize.Tests", "MavLink.Serialize.Tests\MavLink.Serialize.Tests.csproj", "{2E9C75B7-6941-48E3-8B28-783CE988FF5F}"
EndProject
Project("{FAE04EC0-301F-11D3-BF4B-00C04F79EFBC}") = "MavLink.Serialize.Benchmark", "MavLink.Serialize.Benchmark\MavLink.Serialize.Benchmark.csproj", "{D1364CC6-DE65-4FD5-8C9B-5F602924AE45}"
EndProject
Project("{FAE04EC0-301F-11D3-BF4B-00C04F79EFBC}") = "MavLink.Serialize.Generator.Tests", "MavLink.Serialize.Generator.Tests\MavLink.Serialize.Generator.Tests.csproj", "{4AD2C61D-0B9F-4390-92E7-106B84D704D2}"
EndProject
Global
	GlobalSection(SolutionConfigurationPlatforms) = preSolution
		Debug|Any CPU = Debug|Any CPU
		Release|Any CPU = Release|Any CPU
	EndGlobalSection
	GlobalSection(ProjectConfigurationPlatforms) = postSolution
		{16B08E2D-8398-4EF2-BC2F-2D064EF38F93}.Debug|Any CPU.ActiveCfg = Debug|Any CPU
		{16B08E2D-8398-4EF2-BC2F-2D064EF38F93}.Debug|Any CPU.Build.0 = Debug|Any CPU
		{16B08E2D-8398-4EF2-BC2F-2D064EF38F93}.Release|Any CPU.ActiveCfg = Release|Any CPU
		{16B08E2D-8398-4EF2-BC2F-2D064EF38F93}.Release|Any CPU.Build.0 = Release|Any CPU
		{2E9C75B7-6941-48E3-8B28-783CE988FF5F}.Debug|Any CPU.ActiveCfg = Debug|Any CPU
		{2E9C75B7-6941-48E3-8B28-783CE988FF5F}.Debug|Any CPU.Build.0 = Debug|Any CPU
		{2E9C75B7-6941-48E3-8B28-783CE988FF5F}.Release|Any CPU.ActiveCfg = Release|Any CPU
		{2E9C75B7-6941-48E3-8B28-783CE988FF5F}.Release|Any CPU.Build.0 = Release|Any CPU
		{D1364CC6-DE65-4FD5-8C9B-5F602924AE45}.Debug|Any CPU.ActiveCfg = Debug|Any CPU
		{D1364CC6-DE65-4FD5-8C9B-5F602924AE45}.Debug|Any CPU.Build.0 = Debug|Any CPU
		{D1364CC6-DE65-4FD5-8C9B-5F602924AE45}.Release|Any CPU.ActiveCfg = Release|Any CPU
		{D1364CC6-DE65-4FD5-8C9B-5F602924AE45}.Release|Any CPU.Build.0 = Release|Any CPU
		{4AD2C61D-0B9F-4390-92E7-106B84D704D2}.Debug|Any CPU.ActiveCfg = Debug|Any CPU
		{4AD2C61D-0B9F-4390-92E7-106B84D704D2}.Debug|Any CPU.Build.0 = Debug|Any CPU
		{4AD2C61D-0B9F-4390-92E7-106B84D704D2}.Release|Any CPU.ActiveCfg = Release|Any CPU
		{4AD2C61D-0B9F-4390-92E7-106B84D704D2}.Release|Any CPU.Build.0 = Release|Any CPU
	EndGlobalSection
EndGlobal
